
Microsoft Visual Studio Solution File, Format Version 12.00
# Visual Studio Version 17
VisualStudioVersion = 17.3.32901.215
MinimumVisualStudioVersion = 10.0.40219.1
Project("{2150E333-8FDC-42A3-9474-1A3956D46DE8}") = "Solution Items", "Solution Items", "{B4DB361D-B684-42C3-B421-70F962EF1145}"
	ProjectSection(SolutionItems) = preProject
		.editorconfig = .editorconfig
		Directory.Build.props = Directory.Build.props
	EndProjectSection
EndProject
Project("{9A19103F-16F7-4668-BE54-9A1E7A4F7556}") = "PlcTagLib", "PlcTagLib\PlcTagLib.csproj", "{20BF5D15-9DE2-4D50-9444-96AA92E10EC8}"
EndProject
Project("{9A19103F-16F7-4668-BE54-9A1E7A4F7556}") = "PlcTagLib.Web", "PlcTagLib.Web\PlcTagLib.Web.csproj", "{CAE1E329-0D32-4A12-A53C-DCFA7AC40D3B}"
EndProject
Global
	GlobalSection(SolutionConfigurationPlatforms) = preSolution
		Debug|Any CPU = Debug|Any CPU
		Release|Any CPU = Release|Any CPU
	EndGlobalSection
	GlobalSection(ProjectConfigurationPlatforms) = postSolution
		{20BF5D15-9DE2-4D50-9444-96AA92E10EC8}.Debug|Any CPU.ActiveCfg = Debug|Any CPU
		{20BF5D15-9DE2-4D50-9444-96AA92E10EC8}.Debug|Any CPU.Build.0 = Debug|Any CPU
		{20BF5D15-9DE2-4D50-9444-96AA92E10EC8}.Release|Any CPU.ActiveCfg = Release|Any CPU
		{20BF5D15-9DE2-4D50-9444-96AA92E10EC8}.Release|Any CPU.Build.0 = Release|Any CPU
		{CAE1E329-0D32-4A12-A53C-DCFA7AC40D3B}.Debug|Any CPU.ActiveCfg = Debug|Any CPU
		{CAE1E329-0D32-4A12-A53C-DCFA7AC40D3B}.Debug|Any CPU.Build.0 = Debug|Any CPU
		{CAE1E329-0D32-4A12-A53C-DCFA7AC40D3B}.Release|Any CPU.ActiveCfg = Release|Any CPU
		{CAE1E329-0D32-4A12-A53C-DCFA7AC40D3B}.Release|Any CPU.Build.0 = Release|Any CPU
	EndGlobalSection
	GlobalSection(SolutionProperties) = preSolution
		HideSolutionNode = FALSE
	EndGlobalSection
	GlobalSection(ExtensibilityGlobals) = postSolution
		SolutionGuid = {1B252D1A-7799-4B3A-A6D6-829CE78D70E0}
	EndGlobalSection
EndGlobal
